
Microsoft Visual Studio Solution File, Format Version 12.00
# Visual Studio 15
VisualStudioVersion = 15.0.28307.852
MinimumVisualStudioVersion = 10.0.40219.1
Project("{FAE04EC0-301F-11D3-BF4B-00C04F79EFBC}") = "EBMS", "EBMS\EBMS.csproj", "{57EE5A62-63A8-4ADC-8574-1AECB282D5BE}"
EndProject
Global
	GlobalSection(SolutionConfigurationPlatforms) = preSolution
		Debug|Any CPU = Debug|Any CPU
		Release|Any CPU = Release|Any CPU
	EndGlobalSection
	GlobalSection(ProjectConfigurationPlatforms) = postSolution
		{57EE5A62-63A8-4ADC-8574-1AECB282D5BE}.Debug|Any CPU.ActiveCfg = Debug|Any CPU
		{57EE5A62-63A8-4ADC-8574-1AECB282D5BE}.Debug|Any CPU.Build.0 = Debug|Any CPU
		{57EE5A62-63A8-4ADC-8574-1AECB282D5BE}.Release|Any CPU.ActiveCfg = Release|Any CPU
		{57EE5A62-63A8-4ADC-8574-1AECB282D5BE}.Release|Any CPU.Build.0 = Release|Any CPU
	EndGlobalSection
	GlobalSection(SolutionProperties) = preSolution
		HideSolutionNode = FALSE
	EndGlobalSection
	GlobalSection(ExtensibilityGlobals) = postSolution
		SolutionGuid = {B3B48AEF-0730-44F8-9C25-9DDDF21B3E1B}
	EndGlobalSection
EndGlobal
